PODS:
  - Singleton (1.0.1)
  - SortProperty (1.3.3)

DEPENDENCIES:
  - Singleton
  - SortProperty

SPEC CHECKSUMS:
  Singleton: bbcebd2ee028eec9868121d9ae5ef29e68397302
  SortProperty: 809c8c3e74d888a7ca7626fb34177259274881f7

PODFILE CHECKSUM: f3c0e7c2c32b0b907d412cf4194d2df49556e7ff

COCOAPODS: 1.1.0.beta.1
